
Microsoft Visual Studio Solution File, Format Version 12.00
# Visual Studio Version 16
VisualStudioVersion = 16.0.29521.150
MinimumVisualStudioVersion = 10.0.40219.1
Project("{2150E333-8FDC-42A3-9474-1A3956D46DE8}") = "Application", "Application", "{161B81BA-25B0-490B-94BB-1258E0943CE6}"
EndProject
Project("{2150E333-8FDC-42A3-9474-1A3956D46DE8}") = "Domain", "Domain", "{84D5D87E-850C-4E04-A54B-18641173FC7A}"
EndProject
Project("{2150E333-8FDC-42A3-9474-1A3956D46DE8}") = "Infrastructure", "Infrastructure", "{57319F06-59C5-453A-A2E0-5EAA97BCC6C2}"
EndProject
Project("{2150E333-8FDC-42A3-9474-1A3956D46DE8}") = "UI", "UI", "{1552EDE1-2D14-4AB2-A6FC-7CB483E0041D}"
EndProject
Project("{2150E333-8FDC-42A3-9474-1A3956D46DE8}") = "src", "src", "{A3167771-DF7E-4E13-8706-9BF7B1CA8C8E}"
EndProject
Global
	GlobalSection(SolutionProperties) = preSolution
		HideSolutionNode = FALSE
	EndGlobalSection
	GlobalSection(NestedProjects) = preSolution
		{161B81BA-25B0-490B-94BB-1258E0943CE6} = {A3167771-DF7E-4E13-8706-9BF7B1CA8C8E}
		{84D5D87E-850C-4E04-A54B-18641173FC7A} = {A3167771-DF7E-4E13-8706-9BF7B1CA8C8E}
		{57319F06-59C5-453A-A2E0-5EAA97BCC6C2} = {A3167771-DF7E-4E13-8706-9BF7B1CA8C8E}
		{1552EDE1-2D14-4AB2-A6FC-7CB483E0041D} = {A3167771-DF7E-4E13-8706-9BF7B1CA8C8E}
	EndGlobalSection
	GlobalSection(ExtensibilityGlobals) = postSolution
		SolutionGuid = {8F3D0E6B-1675-4BB2-9FD2-3786AC9DF6B8}
	EndGlobalSection
EndGlobal
