
Microsoft Visual Studio Solution File, Format Version 12.00
# Visual Studio Version 16
VisualStudioVersion = 16.0.29521.150
MinimumVisualStudioVersion = 10.0.40219.1
Project("{2150E333-8FDC-42A3-9474-1A3956D46DE8}") = "1 - Application", "1 - Application", "{8724D503-537F-424A-8CEF-C63271A6C0C2}"
EndProject
Project("{2150E333-8FDC-42A3-9474-1A3956D46DE8}") = "2 - Domain", "2 - Domain", "{EA9B263B-93E5-44D4-B493-E45D3344352B}"
EndProject
Project("{2150E333-8FDC-42A3-9474-1A3956D46DE8}") = "3 - Service", "3 - Service", "{100EE31C-00A4-40B2-8497-73E26DC308AB}"
EndProject
Project("{2150E333-8FDC-42A3-9474-1A3956D46DE8}") = "4 - Infra", "4 - Infra", "{53825FB7-CAE7-432D-A90D-B6EB79EA7223}"
EndProject
Project("{2150E333-8FDC-42A3-9474-1A3956D46DE8}") = "src", "src", "{19D62A07-10E7-4A04-9005-2737DA5AC805}"
EndProject
Project("{2150E333-8FDC-42A3-9474-1A3956D46DE8}") = "test", "test", "{5454FBFC-10A7-46BF-9DF1-BEF96F91735F}"
EndProject
Project("{2150E333-8FDC-42A3-9474-1A3956D46DE8}") = "4.1 - Data", "4.1 - Data", "{E82C8877-8E92-46FF-B8BC-509EF8DBB207}"
EndProject
Project("{2150E333-8FDC-42A3-9474-1A3956D46DE8}") = "4.2 - CrossCutting", "4.2 - CrossCutting", "{6347D92F-F4DF-4E8A-B288-28608022DB2E}"
EndProject
Project("{9A19103F-16F7-4668-BE54-9A1E7A4F7556}") = "ParseadorXML.API", "ParseadorXML.API\ParseadorXML.API.csproj", "{9C3CB9B3-6656-4C1B-865F-CDBF7AAFA2BF}"
EndProject
Project("{9A19103F-16F7-4668-BE54-9A1E7A4F7556}") = "ParseadorXML.Domain", "ParseadorXML.Domain\ParseadorXML.Domain.csproj", "{98FC6E39-7489-4272-B379-1FBCF21536C3}"
EndProject
Project("{9A19103F-16F7-4668-BE54-9A1E7A4F7556}") = "ParseadorXML.Service", "ParseadorXML.Service\ParseadorXML.Service.csproj", "{63E09413-DDE2-4EDF-BD9F-82F3B00A8F97}"
EndProject
Project("{9A19103F-16F7-4668-BE54-9A1E7A4F7556}") = "ParseadorXML.Infra.Data.EFRepositories", "ParseadorXML.Data\ParseadorXML.Infra.Data.EFRepositories.csproj", "{71E5C9D8-06EB-4654-8A18-2B46974411AF}"
EndProject
Project("{9A19103F-16F7-4668-BE54-9A1E7A4F7556}") = "ParseadorXML.Infra.CrossCutting", "ParseadorXML.Infra.CrossCutting\ParseadorXML.Infra.CrossCutting.csproj", "{FD3DF57A-E5B9-484C-AC00-CF3AAAEB00DE}"
EndProject
Project("{FAE04EC0-301F-11D3-BF4B-00C04F79EFBC}") = "ParseadorXML.Infra.Data.MongoBD", "ParseadorXML.Infra.Data.MongoBD\ParseadorXML.Infra.Data.MongoBD.csproj", "{8F12924C-5517-410D-B9BF-B1E00A08DD26}"
EndProject
Global
	GlobalSection(SolutionConfigurationPlatforms) = preSolution
		Debug|Any CPU = Debug|Any CPU
		Release|Any CPU = Release|Any CPU
	EndGlobalSection
	GlobalSection(ProjectConfigurationPlatforms) = postSolution
		{9C3CB9B3-6656-4C1B-865F-CDBF7AAFA2BF}.Debug|Any CPU.ActiveCfg = Debug|Any CPU
		{9C3CB9B3-6656-4C1B-865F-CDBF7AAFA2BF}.Debug|Any CPU.Build.0 = Debug|Any CPU
		{9C3CB9B3-6656-4C1B-865F-CDBF7AAFA2BF}.Release|Any CPU.ActiveCfg = Release|Any CPU
		{9C3CB9B3-6656-4C1B-865F-CDBF7AAFA2BF}.Release|Any CPU.Build.0 = Release|Any CPU
		{98FC6E39-7489-4272-B379-1FBCF21536C3}.Debug|Any CPU.ActiveCfg = Debug|Any CPU
		{98FC6E39-7489-4272-B379-1FBCF21536C3}.Debug|Any CPU.Build.0 = Debug|Any CPU
		{98FC6E39-7489-4272-B379-1FBCF21536C3}.Release|Any CPU.ActiveCfg = Release|Any CPU
		{98FC6E39-7489-4272-B379-1FBCF21536C3}.Release|Any CPU.Build.0 = Release|Any CPU
		{63E09413-DDE2-4EDF-BD9F-82F3B00A8F97}.Debug|Any CPU.ActiveCfg = Debug|Any CPU
		{63E09413-DDE2-4EDF-BD9F-82F3B00A8F97}.Debug|Any CPU.Build.0 = Debug|Any CPU
		{63E09413-DDE2-4EDF-BD9F-82F3B00A8F97}.Release|Any CPU.ActiveCfg = Release|Any CPU
		{63E09413-DDE2-4EDF-BD9F-82F3B00A8F97}.Release|Any CPU.Build.0 = Release|Any CPU
		{71E5C9D8-06EB-4654-8A18-2B46974411AF}.Debug|Any CPU.ActiveCfg = Debug|Any CPU
		{71E5C9D8-06EB-4654-8A18-2B46974411AF}.Debug|Any CPU.Build.0 = Debug|Any CPU
		{71E5C9D8-06EB-4654-8A18-2B46974411AF}.Release|Any CPU.ActiveCfg = Release|Any CPU
		{71E5C9D8-06EB-4654-8A18-2B46974411AF}.Release|Any CPU.Build.0 = Release|Any CPU
		{FD3DF57A-E5B9-484C-AC00-CF3AAAEB00DE}.Debug|Any CPU.ActiveCfg = Debug|Any CPU
		{FD3DF57A-E5B9-484C-AC00-CF3AAAEB00DE}.Debug|Any CPU.Build.0 = Debug|Any CPU
		{FD3DF57A-E5B9-484C-AC00-CF3AAAEB00DE}.Release|Any CPU.ActiveCfg = Release|Any CPU
		{FD3DF57A-E5B9-484C-AC00-CF3AAAEB00DE}.Release|Any CPU.Build.0 = Release|Any CPU
		{8F12924C-5517-410D-B9BF-B1E00A08DD26}.Debug|Any CPU.ActiveCfg = Debug|Any CPU
		{8F12924C-5517-410D-B9BF-B1E00A08DD26}.Debug|Any CPU.Build.0 = Debug|Any CPU
		{8F12924C-5517-410D-B9BF-B1E00A08DD26}.Release|Any CPU.ActiveCfg = Release|Any CPU
		{8F12924C-5517-410D-B9BF-B1E00A08DD26}.Release|Any CPU.Build.0 = Release|Any CPU
	EndGlobalSection
	GlobalSection(SolutionProperties) = preSolution
		HideSolutionNode = FALSE
	EndGlobalSection
	GlobalSection(NestedProjects) = preSolution
		{8724D503-537F-424A-8CEF-C63271A6C0C2} = {19D62A07-10E7-4A04-9005-2737DA5AC805}
		{EA9B263B-93E5-44D4-B493-E45D3344352B} = {19D62A07-10E7-4A04-9005-2737DA5AC805}
		{100EE31C-00A4-40B2-8497-73E26DC308AB} = {19D62A07-10E7-4A04-9005-2737DA5AC805}
		{53825FB7-CAE7-432D-A90D-B6EB79EA7223} = {19D62A07-10E7-4A04-9005-2737DA5AC805}
		{E82C8877-8E92-46FF-B8BC-509EF8DBB207} = {53825FB7-CAE7-432D-A90D-B6EB79EA7223}
		{6347D92F-F4DF-4E8A-B288-28608022DB2E} = {53825FB7-CAE7-432D-A90D-B6EB79EA7223}
		{9C3CB9B3-6656-4C1B-865F-CDBF7AAFA2BF} = {8724D503-537F-424A-8CEF-C63271A6C0C2}
		{98FC6E39-7489-4272-B379-1FBCF21536C3} = {EA9B263B-93E5-44D4-B493-E45D3344352B}
		{63E09413-DDE2-4EDF-BD9F-82F3B00A8F97} = {100EE31C-00A4-40B2-8497-73E26DC308AB}
		{71E5C9D8-06EB-4654-8A18-2B46974411AF} = {E82C8877-8E92-46FF-B8BC-509EF8DBB207}
		{FD3DF57A-E5B9-484C-AC00-CF3AAAEB00DE} = {6347D92F-F4DF-4E8A-B288-28608022DB2E}
		{8F12924C-5517-410D-B9BF-B1E00A08DD26} = {E82C8877-8E92-46FF-B8BC-509EF8DBB207}
	EndGlobalSection
	GlobalSection(ExtensibilityGlobals) = postSolution
		SolutionGuid = {6A20B2E4-6571-4017-8DAD-F34EA5D8E79F}
	EndGlobalSection
EndGlobal
